
Microsoft Visual Studio Solution File, Format Version 12.00
# Visual Studio Version 16
VisualStudioVersion = 16.0.31019.35
MinimumVisualStudioVersion = 10.0.40219.1
Project("{FAE04EC0-301F-11D3-BF4B-00C04F79EFBC}") = "DatabaseGenerator", "DatabaseGenerator.csproj", "{9F2C8D6C-B728-423A-948E-6217D2E3AD59}"
EndProject
Global
	GlobalSection(SolutionConfigurationPlatforms) = preSolution
		Debug|Any CPU = Debug|Any CPU
		Release|Any CPU = Release|Any CPU
	EndGlobalSection
	GlobalSection(ProjectConfigurationPlatforms) = postSolution
		{9F2C8D6C-B728-423A-948E-6217D2E3AD59}.Debug|Any CPU.ActiveCfg = Debug|Any CPU
		{9F2C8D6C-B728-423A-948E-6217D2E3AD59}.Debug|Any CPU.Build.0 = Debug|Any CPU
		{9F2C8D6C-B728-423A-948E-6217D2E3AD59}.Release|Any CPU.ActiveCfg = Release|Any CPU
		{9F2C8D6C-B728-423A-948E-6217D2E3AD59}.Release|Any CPU.Build.0 = Release|Any CPU
	EndGlobalSection
	GlobalSection(SolutionProperties) = preSolution
		HideSolutionNode = FALSE
	EndGlobalSection
	GlobalSection(ExtensibilityGlobals) = postSolution
		SolutionGuid = {98C9FDFF-473D-4F8A-8FE5-687F6BC97011}
	EndGlobalSection
EndGlobal
